
Microsoft Visual Studio Solution File, Format Version 12.00
# Visual Studio Version 16
VisualStudioVersion = 16.0.29418.71
MinimumVisualStudioVersion = 10.0.40219.1
Project("{9A19103F-16F7-4668-BE54-9A1E7A4F7556}") = "001线性表", "001线性表\001线性表.csproj", "{B89297E1-AED1-4185-9E3C-AF952E343C78}"
EndProject
Project("{FAE04EC0-301F-11D3-BF4B-00C04F79EFBC}") = "002栈", "002栈\002栈.csproj", "{11FEAFC1-8285-4882-BE22-1987DB2BA3E3}"
EndProject
Global
	GlobalSection(SolutionConfigurationPlatforms) = preSolution
		Debug|Any CPU = Debug|Any CPU
		Release|Any CPU = Release|Any CPU
	EndGlobalSection
	GlobalSection(ProjectConfigurationPlatforms) = postSolution
		{B89297E1-AED1-4185-9E3C-AF952E343C78}.Debug|Any CPU.ActiveCfg = Debug|Any CPU
		{B89297E1-AED1-4185-9E3C-AF952E343C78}.Debug|Any CPU.Build.0 = Debug|Any CPU
		{B89297E1-AED1-4185-9E3C-AF952E343C78}.Release|Any CPU.ActiveCfg = Release|Any CPU
		{B89297E1-AED1-4185-9E3C-AF952E343C78}.Release|Any CPU.Build.0 = Release|Any CPU
		{11FEAFC1-8285-4882-BE22-1987DB2BA3E3}.Debug|Any CPU.ActiveCfg = Debug|Any CPU
		{11FEAFC1-8285-4882-BE22-1987DB2BA3E3}.Debug|Any CPU.Build.0 = Debug|Any CPU
		{11FEAFC1-8285-4882-BE22-1987DB2BA3E3}.Release|Any CPU.ActiveCfg = Release|Any CPU
		{11FEAFC1-8285-4882-BE22-1987DB2BA3E3}.Release|Any CPU.Build.0 = Release|Any CPU
	EndGlobalSection
	GlobalSection(SolutionProperties) = preSolution
		HideSolutionNode = FALSE
	EndGlobalSection
	GlobalSection(ExtensibilityGlobals) = postSolution
		SolutionGuid = {107E0EB9-A3B3-4158-88E3-82353E960394}
	EndGlobalSection
EndGlobal
